# This file is automatically @generated by Cargo.
# It is not intended for manual editing.
[[package]]
name = "blit"
version = "0.1.0"

[[package]]
name = "kbd"
version = "0.1.0"
dependencies = [
 "trace",
]

[[package]]
name = "mkwasm"
version = "0.1.0"
dependencies = [
 "blit",
 "kbd",
 "trace",
]

[[package]]
name = "trace"
version = "0.1.0"
